// !$*UTF8*$!
{
	archiveVersion = 1;
	classes = {
	};
	objectVersion = 46;
	objects = {

/* Begin PBXBuildFile section */
		4215255A42CD1BC2450F374C /* libPods-LRuntimeDatabase.a in Frameworks */ = {isa = PBXBuildFile; fileRef = 6C5667AAF0DE1BA119B7FCD3 /* libPods-LRuntimeDatabase.a */; };
		E70ACA561DF698F900D39C21 /* main.m in Sources */ = {isa = PBXBuildFile; fileRef = E70ACA551DF698F900D39C21 /* main.m */; };
		E70ACA591DF698F900D39C21 /* AppDelegate.m in Sources */ = {isa = PBXBuildFile; fileRef = E70ACA581DF698F900D39C21 /* AppDelegate.m */; };
		E70ACA5C1DF698F900D39C21 /* ViewController.m in Sources */ = {isa = PBXBuildFile; fileRef = E70ACA5B1DF698F900D39C21 /* ViewController.m */; };
		E70ACA611DF698F900D39C21 /* Assets.xcassets in Resources */ = {isa = PBXBuildFile; fileRef = E70ACA601DF698F900D39C21 /* Assets.xcassets */; };
		E70ACA641DF698F900D39C21 /* LaunchScreen.storyboard in Resources */ = {isa = PBXBuildFile; fileRef = E70ACA621DF698F900D39C21 /* LaunchScreen.storyboard */; };
		E70ACA6F1DF698F900D39C21 /* LRuntimeDatabaseTests.m in Sources */ = {isa = PBXBuildFile; fileRef = E70ACA6E1DF698F900D39C21 /* LRuntimeDatabaseTests.m */; };
		E70ACA7A1DF698F900D39C21 /* LRuntimeDatabaseUITests.m in Sources */ = {isa = PBXBuildFile; fileRef = E70ACA791DF698F900D39C21 /* LRuntimeDatabaseUITests.m */; };
		E70ACA8A1DF6A4A900D39C21 /* LDatabase.m in Sources */ = {isa = PBXBuildFile; fileRef = E70ACA891DF6A4A900D39C21 /* LDatabase.m */; };
		E70ACA8D1DF6A9BD00D39C21 /* LRuntime.m in Sources */ = {isa = PBXBuildFile; fileRef = E70ACA8C1DF6A9BD00D39C21 /* LRuntime.m */; };
		E70ACA901DF6AB1E00D39C21 /* LFileManager.m in Sources */ = {isa = PBXBuildFile; fileRef = E70ACA8F1DF6AB1E00D39C21 /* LFileManager.m */; };
		E70CFD571DF8056F00D27A0E /* LRootViewController.m in Sources */ = {isa = PBXBuildFile; fileRef = E70CFD561DF8056F00D27A0E /* LRootViewController.m */; };
		E711FE461DF9380700B801D5 /* LTestModel.m in Sources */ = {isa = PBXBuildFile; fileRef = E711FE451DF9380700B801D5 /* LTestModel.m */; };
		E711FE4A1DF93E1300B801D5 /* LAddViewController.m in Sources */ = {isa = PBXBuildFile; fileRef = E711FE481DF93E1300B801D5 /* LAddViewController.m */; };
		E711FE4B1DF93E1300B801D5 /* LAddViewController.xib in Resources */ = {isa = PBXBuildFile; fileRef = E711FE491DF93E1300B801D5 /* LAddViewController.xib */; };
/* End PBXBuildFile section */

/* Begin PBXContainerItemProxy section */
		E70ACA6B1DF698F900D39C21 /* PBXContainerItemProxy */ = {
			isa = PBXContainerItemProxy;
			containerPortal = E70ACA491DF698F900D39C21 /* Project object */;
			proxyType = 1;
			remoteGlobalIDString = E70ACA501DF698F900D39C21;
			remoteInfo = LRuntimeDatabase;
		};
		E70ACA761DF698F900D39C21 /* PBXContainerItemProxy */ = {
			isa = PBXContainerItemProxy;
			containerPortal = E70ACA491DF698F900D39C21 /* Project object */;
			proxyType = 1;
			remoteGlobalIDString = E70ACA501DF698F900D39C21;
			remoteInfo = LRuntimeDatabase;
		};
/* End PBXContainerItemProxy section */

/* Begin PBXFileReference section */
		0B4B248D11531EAE837245FE /* Pods-LRuntimeDatabase.release.xcconfig */ = {isa = PBXFileReference; includeInIndex = 1; lastKnownFileType = text.xcconfig; name = "Pods-LRuntimeDatabase.release.xcconfig"; path = "Pods/Target Support Files/Pods-LRuntimeDatabase/Pods-LRuntimeDatabase.release.xcconfig"; sourceTree = "<group>"; };
		6655ED1C7267E9C1926E24A2 /* Pods-LRuntimeDatabase.debug.xcconfig */ = {isa = PBXFileReference; includeInIndex = 1; lastKnownFileType = text.xcconfig; name = "Pods-LRuntimeDatabase.debug.xcconfig"; path = "Pods/Target Support Files/Pods-LRuntimeDatabase/Pods-LRuntimeDatabase.debug.xcconfig"; sourceTree = "<group>"; };
		6C5667AAF0DE1BA119B7FCD3 /* libPods-LRuntimeDatabase.a */ = {isa = PBXFileReference; explicitFileType = archive.ar; includeInIndex = 0; path = "libPods-LRuntimeDatabase.a"; sourceTree = BUILT_PRODUCTS_DIR; };
		E70ACA511DF698F900D39C21 /* LRuntimeDatabase.app */ = {isa = PBXFileReference; explicitFileType = wrapper.application; includeInIndex = 0; path = LRuntimeDatabase.app; sourceTree = BUILT_PRODUCTS_DIR; };
		E70ACA551DF698F900D39C21 /* main.m */ = {isa = PBXFileReference; lastKnownFileType = sourcecode.c.objc; path = main.m; sourceTree = "<group>"; };
		E70ACA571DF698F900D39C21 /* AppDelegate.h */ = {isa = PBXFileReference; lastKnownFileType = sourcecode.c.h; path = AppDelegate.h; sourceTree = "<group>"; };
		E70ACA581DF698F900D39C21 /* AppDelegate.m */ = {isa = PBXFileReference; lastKnownFileType = sourcecode.c.objc; path = AppDelegate.m; sourceTree = "<group>"; };
		E70ACA5A1DF698F900D39C21 /* ViewController.h */ = {isa = PBXFileReference; lastKnownFileType = sourcecode.c.h; path = ViewController.h; sourceTree = "<group>"; };
		E70ACA5B1DF698F900D39C21 /* ViewController.m */ = {isa = PBXFileReference; lastKnownFileType = sourcecode.c.objc; path = ViewController.m; sourceTree = "<group>"; };
		E70ACA601DF698F900D39C21 /* Assets.xcassets */ = {isa = PBXFileReference; lastKnownFileType = folder.assetcatalog; path = Assets.xcassets; sourceTree = "<group>"; };
		E70ACA631DF698F900D39C21 /* Base */ = {isa = PBXFileReference; lastKnownFileType = file.storyboard; name = Base; path = Base.lproj/LaunchScreen.storyboard; sourceTree = "<group>"; };
		E70ACA651DF698F900D39C21 /* Info.plist */ = {isa = PBXFileReference; lastKnownFileType = text.plist.xml; path = Info.plist; sourceTree = "<group>"; };
		E70ACA6A1DF698F900D39C21 /* LRuntimeDatabaseTests.xctest */ = {isa = PBXFileReference; explicitFileType = wrapper.cfbundle; includeInIndex = 0; path = LRuntimeDatabaseTests.xctest; sourceTree = BUILT_PRODUCTS_DIR; };
		E70ACA6E1DF698F900D39C21 /* LRuntimeDatabaseTests.m */ = {isa = PBXFileReference; lastKnownFileType = sourcecode.c.objc; path = LRuntimeDatabaseTests.m; sourceTree = "<group>"; };
		E70ACA701DF698F900D39C21 /* Info.plist */ = {isa = PBXFileReference; lastKnownFileType = text.plist.xml; path = Info.plist; sourceTree = "<group>"; };
		E70ACA751DF698F900D39C21 /* LRuntimeDatabaseUITests.xctest */ = {isa = PBXFileReference; explicitFileType = wrapper.cfbundle; includeInIndex = 0; path = LRuntimeDatabaseUITests.xctest; sourceTree = BUILT_PRODUCTS_DIR; };
		E70ACA791DF698F900D39C21 /* LRuntimeDatabaseUITests.m */ = {isa = PBXFileReference; lastKnownFileType = sourcecode.c.objc; path = LRuntimeDatabaseUITests.m; sourceTree = "<group>"; };
		E70ACA7B1DF698F900D39C21 /* Info.plist */ = {isa = PBXFileReference; lastKnownFileType = text.plist.xml; path = Info.plist; sourceTree = "<group>"; };
		E70ACA881DF6A4A900D39C21 /* LDatabase.h */ = {isa = PBXFileReference; fileEncoding = 4; lastKnownFileType = sourcecode.c.h; path = LDatabase.h; sourceTree = "<group>"; };
		E70ACA891DF6A4A900D39C21 /* LDatabase.m */ = {isa = PBXFileReference; fileEncoding = 4; lastKnownFileType = sourcecode.c.objc; path = LDatabase.m; sourceTree = "<group>"; };
		E70ACA8B1DF6A9BD00D39C21 /* LRuntime.h */ = {isa = PBXFileReference; fileEncoding = 4; lastKnownFileType = sourcecode.c.h; path = LRuntime.h; sourceTree = "<group>"; };
		E70ACA8C1DF6A9BD00D39C21 /* LRuntime.m */ = {isa = PBXFileReference; fileEncoding = 4; lastKnownFileType = sourcecode.c.objc; path = LRuntime.m; sourceTree = "<group>"; };
		E70ACA8E1DF6AB1E00D39C21 /* LFileManager.h */ = {isa = PBXFileReference; fileEncoding = 4; lastKnownFileType = sourcecode.c.h; path = LFileManager.h; sourceTree = "<group>"; };
		E70ACA8F1DF6AB1E00D39C21 /* LFileManager.m */ = {isa = PBXFileReference; fileEncoding = 4; lastKnownFileType = sourcecode.c.objc; path = LFileManager.m; sourceTree = "<group>"; };
		E70CFD551DF8056F00D27A0E /* LRootViewController.h */ = {isa = PBXFileReference; fileEncoding = 4; lastKnownFileType = sourcecode.c.h; path = LRootViewController.h; sourceTree = "<group>"; };
		E70CFD561DF8056F00D27A0E /* LRootViewController.m */ = {isa = PBXFileReference; fileEncoding = 4; lastKnownFileType = sourcecode.c.objc; path = LRootViewController.m; sourceTree = "<group>"; };
		E711FE441DF9380700B801D5 /* LTestModel.h */ = {isa = PBXFileReference; fileEncoding = 4; lastKnownFileType = sourcecode.c.h; path = LTestModel.h; sourceTree = "<group>"; };
		E711FE451DF9380700B801D5 /* LTestModel.m */ = {isa = PBXFileReference; fileEncoding = 4; lastKnownFileType = sourcecode.c.objc; path = LTestModel.m; sourceTree = "<group>"; };
		E711FE471DF93E1300B801D5 /* LAddViewController.h */ = {isa = PBXFileReference; fileEncoding = 4; lastKnownFileType = sourcecode.c.h; path = LAddViewController.h; sourceTree = "<group>"; };
		E711FE481DF93E1300B801D5 /* LAddViewController.m */ = {isa = PBXFileReference; fileEncoding = 4; lastKnownFileType = sourcecode.c.objc; path = LAddViewController.m; sourceTree = "<group>"; };
		E711FE491DF93E1300B801D5 /* LAddViewController.xib */ = {isa = PBXFileReference; fileEncoding = 4; lastKnownFileType = file.xib; path = LAddViewController.xib; sourceTree = "<group>"; };
/* End PBXFileReference section */

/* Begin PBXFrameworksBuildPhase section */
		E70ACA4E1DF698F900D39C21 /* Frameworks */ = {
			isa = PBXFrameworksBuildPhase;
			buildActionMask = 2147483647;
			files = (
				4215255A42CD1BC2450F374C /* libPods-LRuntimeDatabase.a in Frameworks */,
			);
			runOnlyForDeploymentPostprocessing = 0;
		};
		E70ACA671DF698F900D39C21 /* Frameworks */ = {
			isa = PBXFrameworksBuildPhase;
			buildActionMask = 2147483647;
			files = (
			);
			runOnlyForDeploymentPostprocessing = 0;
		};
		E70ACA721DF698F900D39C21 /* Frameworks */ = {
			isa = PBXFrameworksBuildPhase;
			buildActionMask = 2147483647;
			files = (
			);
			runOnlyForDeploymentPostprocessing = 0;
		};
/* End PBXFrameworksBuildPhase section */

/* Begin PBXGroup section */
		1F0C0F296505EA9E540592C8 /* Pods */ = {
			isa = PBXGroup;
			children = (
				6655ED1C7267E9C1926E24A2 /* Pods-LRuntimeDatabase.debug.xcconfig */,
				0B4B248D11531EAE837245FE /* Pods-LRuntimeDatabase.release.xcconfig */,
			);
			name = Pods;
			sourceTree = "<group>";
		};
		5ED6727EE59A02C2B0960CCA /* Frameworks */ = {
			isa = PBXGroup;
			children = (
				6C5667AAF0DE1BA119B7FCD3 /* libPods-LRuntimeDatabase.a */,
			);
			name = Frameworks;
			sourceTree = "<group>";
		};
		E70ACA481DF698F900D39C21 = {
			isa = PBXGroup;
			children = (
				E70ACA531DF698F900D39C21 /* LRuntimeDatabase */,
				E70ACA6D1DF698F900D39C21 /* LRuntimeDatabaseTests */,
				E70ACA781DF698F900D39C21 /* LRuntimeDatabaseUITests */,
				E70ACA521DF698F900D39C21 /* Products */,
				1F0C0F296505EA9E540592C8 /* Pods */,
				5ED6727EE59A02C2B0960CCA /* Frameworks */,
			);
			sourceTree = "<group>";
		};
		E70ACA521DF698F900D39C21 /* Products */ = {
			isa = PBXGroup;
			children = (
				E70ACA511DF698F900D39C21 /* LRuntimeDatabase.app */,
				E70ACA6A1DF698F900D39C21 /* LRuntimeDatabaseTests.xctest */,
				E70ACA751DF698F900D39C21 /* LRuntimeDatabaseUITests.xctest */,
			);
			name = Products;
			sourceTree = "<group>";
		};
		E70ACA531DF698F900D39C21 /* LRuntimeDatabase */ = {
			isa = PBXGroup;
			children = (
				E70ACA871DF69D9B00D39C21 /* database */,
				E70CFD521DF7EC8800D27A0E /* controller */,
				E70CFD531DF7EC8800D27A0E /* view */,
				E70CFD541DF7EC8800D27A0E /* model */,
				E70ACA571DF698F900D39C21 /* AppDelegate.h */,
				E70ACA581DF698F900D39C21 /* AppDelegate.m */,
				E70ACA5A1DF698F900D39C21 /* ViewController.h */,
				E70ACA5B1DF698F900D39C21 /* ViewController.m */,
				E70ACA601DF698F900D39C21 /* Assets.xcassets */,
				E70ACA621DF698F900D39C21 /* LaunchScreen.storyboard */,
				E70ACA651DF698F900D39C21 /* Info.plist */,
				E70ACA541DF698F900D39C21 /* Supporting Files */,
			);
			path = LRuntimeDatabase;
			sourceTree = "<group>";
		};
		E70ACA541DF698F900D39C21 /* Supporting Files */ = {
			isa = PBXGroup;
			children = (
				E70ACA551DF698F900D39C21 /* main.m */,
			);
			name = "Supporting Files";
			sourceTree = "<group>";
		};
		E70ACA6D1DF698F900D39C21 /* LRuntimeDatabaseTests */ = {
			isa = PBXGroup;
			children = (
				E70ACA6E1DF698F900D39C21 /* LRuntimeDatabaseTests.m */,
				E70ACA701DF698F900D39C21 /* Info.plist */,
			);
			path = LRuntimeDatabaseTests;
			sourceTree = "<group>";
		};
		E70ACA781DF698F900D39C21 /* LRuntimeDatabaseUITests */ = {
			isa = PBXGroup;
			children = (
				E70ACA791DF698F900D39C21 /* LRuntimeDatabaseUITests.m */,
				E70ACA7B1DF698F900D39C21 /* Info.plist */,
			);
			path = LRuntimeDatabaseUITests;
			sourceTree = "<group>";
		};
		E70ACA871DF69D9B00D39C21 /* database */ = {
			isa = PBXGroup;
			children = (
				E70ACA881DF6A4A900D39C21 /* LDatabase.h */,
				E70ACA891DF6A4A900D39C21 /* LDatabase.m */,
				E70ACA8B1DF6A9BD00D39C21 /* LRuntime.h */,
				E70ACA8C1DF6A9BD00D39C21 /* LRuntime.m */,
				E70ACA8E1DF6AB1E00D39C21 /* LFileManager.h */,
				E70ACA8F1DF6AB1E00D39C21 /* LFileManager.m */,
			);
			path = database;
			sourceTree = "<group>";
		};
		E70CFD521DF7EC8800D27A0E /* controller */ = {
			isa = PBXGroup;
			children = (
			);
			path = controller;
			sourceTree = "<group>";
		};
		E70CFD531DF7EC8800D27A0E /* view */ = {
			isa = PBXGroup;
			children = (
				E70CFD551DF8056F00D27A0E /* LRootViewController.h */,
				E70CFD561DF8056F00D27A0E /* LRootViewController.m */,
				E711FE471DF93E1300B801D5 /* LAddViewController.h */,
				E711FE481DF93E1300B801D5 /* LAddViewController.m */,
				E711FE491DF93E1300B801D5 /* LAddViewController.xib */,
			);
			path = view;
			sourceTree = "<group>";
		};
		E70CFD541DF7EC8800D27A0E /* model */ = {
			isa = PBXGroup;
			children = (
				E711FE441DF9380700B801D5 /* LTestModel.h */,
				E711FE451DF9380700B801D5 /* LTestModel.m */,
			);
			path = model;
			sourceTree = "<group>";
		};
/* End PBXGroup section */

/* Begin PBXNativeTarget section */
		E70ACA501DF698F900D39C21 /* LRuntimeDatabase */ = {
			isa = PBXNativeTarget;
			buildConfigurationList = E70ACA7E1DF698F900D39C21 /* Build configuration list for PBXNativeTarget "LRuntimeDatabase" */;
			buildPhases = (
				C76B639F03887920341011E7 /* [CP] Check Pods Manifest.lock */,
				E70ACA4D1DF698F900D39C21 /* Sources */,
				E70ACA4E1DF698F900D39C21 /* Frameworks */,
				E70ACA4F1DF698F900D39C21 /* Resources */,
				A5025B3273DED5DD647582E9 /* [CP] Embed Pods Frameworks */,
				BB2C7B72C16C0AB4A202E582 /* [CP] Copy Pods Resources */,
			);
			buildRules = (
			);
			dependencies = (
			);
			name = LRuntimeDatabase;
			productName = LRuntimeDatabase;
			productReference = E70ACA511DF698F900D39C21 /* LRuntimeDatabase.app */;
			productType = "com.apple.product-type.application";
		};
		E70ACA691DF698F900D39C21 /* LRuntimeDatabaseTests */ = {
			isa = PBXNativeTarget;
			buildConfigurationList = E70ACA811DF698F900D39C21 /* Build configuration list for PBXNativeTarget "LRuntimeDatabaseTests" */;
			buildPhases = (
				E70ACA661DF698F900D39C21 /* Sources */,
				E70ACA671DF698F900D39C21 /* Frameworks */,
				E70ACA681DF698F900D39C21 /* Resources */,
			);
			buildRules = (
			);
			dependencies = (
				E70ACA6C1DF698F900D39C21 /* PBXTargetDependency */,
			);
			name = LRuntimeDatabaseTests;
			productName = LRuntimeDatabaseTests;
			productReference = E70ACA6A1DF698F900D39C21 /* LRuntimeDatabaseTests.xctest */;
			productType = "com.apple.product-type.bundle.unit-test";
		};
		E70ACA741DF698F900D39C21 /* LRuntimeDatabaseUITests */ = {
			isa = PBXNativeTarget;
			buildConfigurationList = E70ACA841DF698F900D39C21 /* Build configuration list for PBXNativeTarget "LRuntimeDatabaseUITests" */;
			buildPhases = (
				E70ACA711DF698F900D39C21 /* Sources */,
				E70ACA721DF698F900D39C21 /* Frameworks */,
				E70ACA731DF698F900D39C21 /* Resources */,
			);
			buildRules = (
			);
			dependencies = (
				E70ACA771DF698F900D39C21 /* PBXTargetDependency */,
			);
			name = LRuntimeDatabaseUITests;
			productName = LRuntimeDatabaseUITests;
			productReference = E70ACA751DF698F900D39C21 /* LRuntimeDatabaseUITests.xctest */;
			productType = "com.apple.product-type.bundle.ui-testing";
		};
/* End PBXNativeTarget section */

/* Begin PBXProject section */
		E70ACA491DF698F900D39C21 /* Project object */ = {
			isa = PBXProject;
			attributes = {
				CLASSPREFIX = L;
				LastUpgradeCheck = 0810;
				ORGANIZATIONNAME = "李姝睿";
				TargetAttributes = {
					E70ACA501DF698F900D39C21 = {
						CreatedOnToolsVersion = 8.1;
						ProvisioningStyle = Automatic;
					};
					E70ACA691DF698F900D39C21 = {
						CreatedOnToolsVersion = 8.1;
						ProvisioningStyle = Automatic;
						TestTargetID = E70ACA501DF698F900D39C21;
					};
					E70ACA741DF698F900D39C21 = {
						CreatedOnToolsVersion = 8.1;
						ProvisioningStyle = Automatic;
						TestTargetID = E70ACA501DF698F900D39C21;
					};
				};
			};
			buildConfigurationList = E70ACA4C1DF698F900D39C21 /* Build configuration list for PBXProject "LRuntimeDatabase" */;
			compatibilityVersion = "Xcode 3.2";
			developmentRegion = English;
			hasScannedForEncodings = 0;
			knownRegions = (
				en,
				Base,
			);
			mainGroup = E70ACA481DF698F900D39C21;
			productRefGroup = E70ACA521DF698F900D39C21 /* Products */;
			projectDirPath = "";
			projectRoot = "";
			targets = (
				E70ACA501DF698F900D39C21 /* LRuntimeDatabase */,
				E70ACA691DF698F900D39C21 /* LRuntimeDatabaseTests */,
				E70ACA741DF698F900D39C21 /* LRuntimeDatabaseUITests */,
			);
		};
/* End PBXProject section */

/* Begin PBXResourcesBuildPhase section */
		E70ACA4F1DF698F900D39C21 /* Resources */ = {
			isa = PBXResourcesBuildPhase;
			buildActionMask = 2147483647;
			files = (
				E70ACA641DF698F900D39C21 /* LaunchScreen.storyboard in Resources */,
				E711FE4B1DF93E1300B801D5 /* LAddViewController.xib in Resources */,
				E70ACA611DF698F900D39C21 /* Assets.xcassets in Resources */,
			);
			runOnlyForDeploymentPostprocessing = 0;
		};
		E70ACA681DF698F900D39C21 /* Resources */ = {
			isa = PBXResourcesBuildPhase;
			buildActionMask = 2147483647;
			files = (
			);
			runOnlyForDeploymentPostprocessing = 0;
		};
		E70ACA731DF698F900D39C21 /* Resources */ = {
			isa = PBXResourcesBuildPhase;
			buildActionMask = 2147483647;
			files = (
			);
			runOnlyForDeploymentPostprocessing = 0;
		};
/* End PBXResourcesBuildPhase section */

/* Begin PBXShellScriptBuildPhase section */
		A5025B3273DED5DD647582E9 /* [CP] Embed Pods Frameworks */ = {
			isa = PBXShellScriptBuildPhase;
			buildActionMask = 2147483647;
			files = (
			);
			inputPaths = (
			);
			name = "[CP] Embed Pods Frameworks";
			outputPaths = (
			);
			runOnlyForDeploymentPostprocessing = 0;
			shellPath = /bin/sh;
			shellScript = "\"${SRCROOT}/Pods/Target Support Files/Pods-LRuntimeDatabase/Pods-LRuntimeDatabase-frameworks.sh\"\n";
			showEnvVarsInLog = 0;
		};
		BB2C7B72C16C0AB4A202E582 /* [CP] Copy Pods Resources */ = {
			isa = PBXShellScriptBuildPhase;
			buildActionMask = 2147483647;
			files = (
			);
			inputPaths = (
			);
			name = "[CP] Copy Pods Resources";
			outputPaths = (
			);
			runOnlyForDeploymentPostprocessing = 0;
			shellPath = /bin/sh;
			shellScript = "\"${SRCROOT}/Pods/Target Support Files/Pods-LRuntimeDatabase/Pods-LRuntimeDatabase-resources.sh\"\n";
			showEnvVarsInLog = 0;
		};
		C76B639F03887920341011E7 /* [CP] Check Pods Manifest.lock */ = {
			isa = PBXShellScriptBuildPhase;
			buildActionMask = 2147483647;
			files = (
			);
			inputPaths = (
			);
			name = "[CP] Check Pods Manifest.lock";
			outputPaths = (
			);
			runOnlyForDeploymentPostprocessing = 0;
			shellPath = /bin/sh;
			shellScript = "diff \"${PODS_ROOT}/../Podfile.lock\" \"${PODS_ROOT}/Manifest.lock\" > /dev/null\nif [ $? != 0 ] ; then\n    # print error to STDERR\n    echo \"error: The sandbox is not in sync with the Podfile.lock. Run 'pod install' or update your CocoaPods installation.\" >&2\n    exit 1\nfi\n";
			showEnvVarsInLog = 0;
		};
/* End PBXShellScriptBuildPhase section */

/* Begin PBXSourcesBuildPhase section */
		E70ACA4D1DF698F900D39C21 /* Sources */ = {
			isa = PBXSourcesBuildPhase;
			buildActionMask = 2147483647;
			files = (
				E70ACA901DF6AB1E00D39C21 /* LFileManager.m in Sources */,
				E70ACA8D1DF6A9BD00D39C21 /* LRuntime.m in Sources */,
				E70CFD571DF8056F00D27A0E /* LRootViewController.m in Sources */,
				E70ACA5C1DF698F900D39C21 /* ViewController.m in Sources */,
				E711FE4A1DF93E1300B801D5 /* LAddViewController.m in Sources */,
				E711FE461DF9380700B801D5 /* LTestModel.m in Sources */,
				E70ACA591DF698F900D39C21 /* AppDelegate.m in Sources */,
				E70ACA561DF698F900D39C21 /* main.m in Sources */,
				E70ACA8A1DF6A4A900D39C21 /* LDatabase.m in Sources */,
			);
			runOnlyForDeploymentPostprocessing = 0;
		};
		E70ACA661DF698F900D39C21 /* Sources */ = {
			isa = PBXSourcesBuildPhase;
			buildActionMask = 2147483647;
			files = (
				E70ACA6F1DF698F900D39C21 /* LRuntimeDatabaseTests.m in Sources */,
			);
			runOnlyForDeploymentPostprocessing = 0;
		};
		E70ACA711DF698F900D39C21 /* Sources */ = {
			isa = PBXSourcesBuildPhase;
			buildActionMask = 2147483647;
			files = (
				E70ACA7A1DF698F900D39C21 /* LRuntimeDatabaseUITests.m in Sources */,
			);
			runOnlyForDeploymentPostprocessing = 0;
		};
/* End PBXSourcesBuildPhase section */

/* Begin PBXTargetDependency section */
		E70ACA6C1DF698F900D39C21 /* PBXTargetDependency */ = {
			isa = PBXTargetDependency;
			target = E70ACA501DF698F900D39C21 /* LRuntimeDatabase */;
			targetProxy = E70ACA6B1DF698F900D39C21 /* PBXContainerItemProxy */;
		};
		E70ACA771DF698F900D39C21 /* PBXTargetDependency */ = {
			isa = PBXTargetDependency;
			target = E70ACA501DF698F900D39C21 /* LRuntimeDatabase */;
			targetProxy = E70ACA761DF698F900D39C21 /* PBXContainerItemProxy */;
		};
/* End PBXTargetDependency section */

/* Begin PBXVariantGroup section */
		E70ACA621DF698F900D39C21 /* LaunchScreen.storyboard */ = {
			isa = PBXVariantGroup;
			children = (
				E70ACA631DF698F900D39C21 /* Base */,
			);
			name = LaunchScreen.storyboard;
			sourceTree = "<group>";
		};
/* End PBXVariantGroup section */

/* Begin XCBuildConfiguration section */
		E70ACA7C1DF698F900D39C21 /* Debug */ = {
			isa = XCBuildConfiguration;
			buildSettings = {
				ALWAYS_SEARCH_USER_PATHS = NO;
				CLANG_ANALYZER_NONNULL = YES;
				CLANG_CXX_LANGUAGE_STANDARD = "gnu++0x";
				CLANG_CXX_LIBRARY = "libc++";
				CLANG_ENABLE_MODULES = YES;
				CLANG_ENABLE_OBJC_ARC = YES;
				CLANG_WARN_BOOL_CONVERSION = YES;
				CLANG_WARN_CONSTANT_CONVERSION = YES;
				CLANG_WARN_DIRECT_OBJC_ISA_USAGE = YES_ERROR;
				CLANG_WARN_DOCUMENTATION_COMMENTS = YES;
				CLANG_WARN_EMPTY_BODY = YES;
				CLANG_WARN_ENUM_CONVERSION = YES;
				CLANG_WARN_INFINITE_RECURSION = YES;
				CLANG_WARN_INT_CONVERSION = YES;
				CLANG_WARN_OBJC_ROOT_CLASS = YES_ERROR;
				CLANG_WARN_SUSPICIOUS_MOVES = YES;
				CLANG_WARN_UNREACHABLE_CODE = YES;
				CLANG_WARN__DUPLICATE_METHOD_MATCH = YES;
				"CODE_SIGN_IDENTITY[sdk=iphoneos*]" = "iPhone Developer";
				COPY_PHASE_STRIP = NO;
				DEBUG_INFORMATION_FORMAT = dwarf;
				ENABLE_STRICT_OBJC_MSGSEND = YES;
				ENABLE_TESTABILITY = YES;
				GCC_C_LANGUAGE_STANDARD = gnu99;
				GCC_DYNAMIC_NO_PIC = NO;
				GCC_NO_COMMON_BLOCKS = YES;
				GCC_OPTIMIZATION_LEVEL = 0;
				GCC_PREPROCESSOR_DEFINITIONS = (
					"DEBUG=1",
					"$(inherited)",
				);
				GCC_WARN_64_TO_32_BIT_CONVERSION = YES;
				GCC_WARN_ABOUT_RETURN_TYPE = YES_ERROR;
				GCC_WARN_UNDECLARED_SELECTOR = YES;
				GCC_WARN_UNINITIALIZED_AUTOS = YES_AGGRESSIVE;
				GCC_WARN_UNUSED_FUNCTION = YES;
				GCC_WARN_UNUSED_VARIABLE = YES;
				IPHONEOS_DEPLOYMENT_TARGET = 10.1;
				MTL_ENABLE_DEBUG_INFO = YES;
				ONLY_ACTIVE_ARCH = YES;
				SDKROOT = iphoneos;
			};
			name = Debug;
		};
		E70ACA7D1DF698F900D39C21 /* Release */ = {
			isa = XCBuildConfiguration;
			buildSettings = {
				ALWAYS_SEARCH_USER_PATHS = NO;
				CLANG_ANALYZER_NONNULL = YES;
				CLANG_CXX_LANGUAGE_STANDARD = "gnu++0x";
				CLANG_CXX_LIBRARY = "libc++";
				CLANG_ENABLE_MODULES = YES;
				CLANG_ENABLE_OBJC_ARC = YES;
				CLANG_WARN_BOOL_CONVERSION = YES;
				CLANG_WARN_CONSTANT_CONVERSION = YES;
				CLANG_WARN_DIRECT_OBJC_ISA_USAGE = YES_ERROR;
				CLANG_WARN_DOCUMENTATION_COMMENTS = YES;
				CLANG_WARN_EMPTY_BODY = YES;
				CLANG_WARN_ENUM_CONVERSION = YES;
				CLANG_WARN_INFINITE_RECURSION = YES;
				CLANG_WARN_INT_CONVERSION = YES;
				CLANG_WARN_OBJC_ROOT_CLASS = YES_ERROR;
				CLANG_WARN_SUSPICIOUS_MOVES = YES;
				CLANG_WARN_UNREACHABLE_CODE = YES;
				CLANG_WARN__DUPLICATE_METHOD_MATCH = YES;
				"CODE_SIGN_IDENTITY[sdk=iphoneos*]" = "iPhone Developer";
				COPY_PHASE_STRIP = NO;
				DEBUG_INFORMATION_FORMAT = "dwarf-with-dsym";
				ENABLE_NS_ASSERTIONS = NO;
				ENABLE_STRICT_OBJC_MSGSEND = YES;
				GCC_C_LANGUAGE_STANDARD = gnu99;
				GCC_NO_COMMON_BLOCKS = YES;
				GCC_WARN_64_TO_32_BIT_CONVERSION = YES;
				GCC_WARN_ABOUT_RETURN_TYPE = YES_ERROR;
				GCC_WARN_UNDECLARED_SELECTOR = YES;
				GCC_WARN_UNINITIALIZED_AUTOS = YES_AGGRESSIVE;
				GCC_WARN_UNUSED_FUNCTION = YES;
				GCC_WARN_UNUSED_VARIABLE = YES;
				IPHONEOS_DEPLOYMENT_TARGET = 10.1;
				MTL_ENABLE_DEBUG_INFO = NO;
				SDKROOT = iphoneos;
				VALIDATE_PRODUCT = YES;
			};
			name = Release;
		};
		E70ACA7F1DF698F900D39C21 /* Debug */ = {
			isa = XCBuildConfiguration;
			baseConfigurationReference = 6655ED1C7267E9C1926E24A2 /* Pods-LRuntimeDatabase.debug.xcconfig */;
			buildSettings = {
				ASSETCATALOG_COMPILER_APPICON_NAME = AppIcon;
				INFOPLIST_FILE = LRuntimeDatabase/Info.plist;
				LD_RUNPATH_SEARCH_PATHS = "$(inherited) @executable_path/Frameworks";
				PRODUCT_BUNDLE_IDENTIFIER = shurui.LRuntimeDatabase;
				PRODUCT_NAME = "$(TARGET_NAME)";
			};
			name = Debug;
		};
		E70ACA801DF698F900D39C21 /* Release */ = {
			isa = XCBuildConfiguration;
			baseConfigurationReference = 0B4B248D11531EAE837245FE /* Pods-LRuntimeDatabase.release.xcconfig */;
			buildSettings = {
				ASSETCATALOG_COMPILER_APPICON_NAME = AppIcon;
				INFOPLIST_FILE = LRuntimeDatabase/Info.plist;
				LD_RUNPATH_SEARCH_PATHS = "$(inherited) @executable_path/Frameworks";
				PRODUCT_BUNDLE_IDENTIFIER = shurui.LRuntimeDatabase;
				PRODUCT_NAME = "$(TARGET_NAME)";
			};
			name = Release;
		};
		E70ACA821DF698F900D39C21 /* Debug */ = {
			isa = XCBuildConfiguration;
			buildSettings = {
				BUNDLE_LOADER = "$(TEST_HOST)";
				INFOPLIST_FILE = LRuntimeDatabaseTests/Info.plist;
				LD_RUNPATH_SEARCH_PATHS = "$(inherited) @executable_path/Frameworks @loader_path/Frameworks";
				PRODUCT_BUNDLE_IDENTIFIER = shurui.LRuntimeDatabaseTests;
				PRODUCT_NAME = "$(TARGET_NAME)";
				TEST_HOST = "$(BUILT_PRODUCTS_DIR)/LRuntimeDatabase.app/LRuntimeDatabase";
			};
			name = Debug;
		};
		E70ACA831DF698F900D39C21 /* Release */ = {
			isa = XCBuildConfiguration;
			buildSettings = {
				BUNDLE_LOADER = "$(TEST_HOST)";
				INFOPLIST_FILE = LRuntimeDatabaseTests/Info.plist;
				LD_RUNPATH_SEARCH_PATHS = "$(inherited) @executable_path/Frameworks @loader_path/Frameworks";
				PRODUCT_BUNDLE_IDENTIFIER = shurui.LRuntimeDatabaseTests;
				PRODUCT_NAME = "$(TARGET_NAME)";
				TEST_HOST = "$(BUILT_PRODUCTS_DIR)/LRuntimeDatabase.app/LRuntimeDatabase";
			};
			name = Release;
		};
		E70ACA851DF698F900D39C21 /* Debug */ = {
			isa = XCBuildConfiguration;
			buildSettings = {
				INFOPLIST_FILE = LRuntimeDatabaseUITests/Info.plist;
				LD_RUNPATH_SEARCH_PATHS = "$(inherited) @executable_path/Frameworks @loader_path/Frameworks";
				PRODUCT_BUNDLE_IDENTIFIER = shurui.LRuntimeDatabaseUITests;
				PRODUCT_NAME = "$(TARGET_NAME)";
				TEST_TARGET_NAME = LRuntimeDatabase;
			};
			name = Debug;
		};
		E70ACA861DF698F900D39C21 /* Release */ = {
			isa = XCBuildConfiguration;
			buildSettings = {
				INFOPLIST_FILE = LRuntimeDatabaseUITests/Info.plist;
				LD_RUNPATH_SEARCH_PATHS = "$(inherited) @executable_path/Frameworks @loader_path/Frameworks";
				PRODUCT_BUNDLE_IDENTIFIER = shurui.LRuntimeDatabaseUITests;
				PRODUCT_NAME = "$(TARGET_NAME)";
				TEST_TARGET_NAME = LRuntimeDatabase;
			};
			name = Release;
		};
/* End XCBuildConfiguration section */

/* Begin XCConfigurationList section */
		E70ACA4C1DF698F900D39C21 /* Build configuration list for PBXProject "LRuntimeDatabase" */ = {
			isa = XCConfigurationList;
			buildConfigurations = (
				E70ACA7C1DF698F900D39C21 /* Debug */,
				E70ACA7D1DF698F900D39C21 /* Release */,
			);
			defaultConfigurationIsVisible = 0;
			defaultConfigurationName = Release;
		};
		E70ACA7E1DF698F900D39C21 /* Build configuration list for PBXNativeTarget "LRuntimeDatabase" */ = {
			isa = XCConfigurationList;
			buildConfigurations = (
				E70ACA7F1DF698F900D39C21 /* Debug */,
				E70ACA801DF698F900D39C21 /* Release */,
			);
			defaultConfigurationIsVisible = 0;
			defaultConfigurationName = Release;
		};
		E70ACA811DF698F900D39C21 /* Build configuration list for PBXNativeTarget "LRuntimeDatabaseTests" */ = {
			isa = XCConfigurationList;
			buildConfigurations = (
				E70ACA821DF698F900D39C21 /* Debug */,
				E70ACA831DF698F900D39C21 /* Release */,
			);
			defaultConfigurationIsVisible = 0;
			defaultConfigurationName = Release;
		};
		E70ACA841DF698F900D39C21 /* Build configuration list for PBXNativeTarget "LRuntimeDatabaseUITests" */ = {
			isa = XCConfigurationList;
			buildConfigurations = (
				E70ACA851DF698F900D39C21 /* Debug */,
				E70ACA861DF698F900D39C21 /* Release */,
			);
			defaultConfigurationIsVisible = 0;
			defaultConfigurationName = Release;
		};
/* End XCConfigurationList section */
	};
	rootObject = E70ACA491DF698F900D39C21 /* Project object */;
}
